
Microsoft Visual Studio Solution File, Format Version 12.00
# Visual Studio Version 16
VisualStudioVersion = 16.0.808.2
MinimumVisualStudioVersion = 10.0.40219.1
Project("{FAE04EC0-301F-11D3-BF4B-00C04F79EFBC}") = "lesson20", "lesson20.csproj", "{350113F8-D621-418C-BE78-7EF32CCF0778}"
EndProject
Global
	GlobalSection(SolutionConfigurationPlatforms) = preSolution
		Debug|anycpu = Debug|anycpu
		Release|anycpu = Release|anycpu
	EndGlobalSection
	GlobalSection(ProjectConfigurationPlatforms) = postSolution
		{350113F8-D621-418C-BE78-7EF32CCF0778}.Debug|anycpu.ActiveCfg = Debug|anycpu
		{350113F8-D621-418C-BE78-7EF32CCF0778}.Debug|anycpu.Build.0 = Debug|anycpu
		{350113F8-D621-418C-BE78-7EF32CCF0778}.Release|anycpu.ActiveCfg = Release|anycpu
		{350113F8-D621-418C-BE78-7EF32CCF0778}.Release|anycpu.Build.0 = Release|anycpu
	EndGlobalSection
	GlobalSection(SolutionProperties) = preSolution
		HideSolutionNode = FALSE
	EndGlobalSection
	GlobalSection(ExtensibilityGlobals) = postSolution
		SolutionGuid = {38752DC4-214A-4FD0-ADFA-4EA09867658E}
	EndGlobalSection
EndGlobal
